
Microsoft Visual Studio Solution File, Format Version 12.00
# Visual Studio Version 16
VisualStudioVersion = 16.0.28803.156
MinimumVisualStudioVersion = 10.0.40219.1
Project("{FAE04EC0-301F-11D3-BF4B-00C04F79EFBC}") = "NetCoreWpfApp1", "NetCoreWpfApp1\NetCoreWpfApp1.csproj", "{3FBA3E22-5F11-4A42-AE9C-AE0964787C44}"
EndProject
Global
	GlobalSection(SolutionConfigurationPlatforms) = preSolution
		Debug|Any CPU = Debug|Any CPU
		Release|Any CPU = Release|Any CPU
	EndGlobalSection
	GlobalSection(ProjectConfigurationPlatforms) = postSolution
		{3FBA3E22-5F11-4A42-AE9C-AE0964787C44}.Debug|Any CPU.ActiveCfg = Debug|Any CPU
		{3FBA3E22-5F11-4A42-AE9C-AE0964787C44}.Debug|Any CPU.Build.0 = Debug|Any CPU
		{3FBA3E22-5F11-4A42-AE9C-AE0964787C44}.Release|Any CPU.ActiveCfg = Release|Any CPU
		{3FBA3E22-5F11-4A42-AE9C-AE0964787C44}.Release|Any CPU.Build.0 = Release|Any CPU
	EndGlobalSection
	GlobalSection(SolutionProperties) = preSolution
		HideSolutionNode = FALSE
	EndGlobalSection
	GlobalSection(ExtensibilityGlobals) = postSolution
		SolutionGuid = {85CC640D-77A3-4574-B377-8A80501A1D30}
	EndGlobalSection
EndGlobal
