
Microsoft Visual Studio Solution File, Format Version 12.00
# Visual Studio Version 16
VisualStudioVersion = 16.0.28705.295
MinimumVisualStudioVersion = 10.0.40219.1
Project("{FAE04EC0-301F-11D3-BF4B-00C04F79EFBC}") = "Bookmarks", "Bookmarks\Bookmarks.csproj", "{AB3F1CB9-9541-4338-8432-00D5687A7AE4}"
EndProject
Global
	GlobalSection(SolutionConfigurationPlatforms) = preSolution
		Debug|Any CPU = Debug|Any CPU
		Release|Any CPU = Release|Any CPU
	EndGlobalSection
	GlobalSection(ProjectConfigurationPlatforms) = postSolution
		{AB3F1CB9-9541-4338-8432-00D5687A7AE4}.Debug|Any CPU.ActiveCfg = Debug|Any CPU
		{AB3F1CB9-9541-4338-8432-00D5687A7AE4}.Debug|Any CPU.Build.0 = Debug|Any CPU
		{AB3F1CB9-9541-4338-8432-00D5687A7AE4}.Release|Any CPU.ActiveCfg = Release|Any CPU
		{AB3F1CB9-9541-4338-8432-00D5687A7AE4}.Release|Any CPU.Build.0 = Release|Any CPU
	EndGlobalSection
	GlobalSection(SolutionProperties) = preSolution
		HideSolutionNode = FALSE
	EndGlobalSection
	GlobalSection(ExtensibilityGlobals) = postSolution
		SolutionGuid = {5591FC53-54AB-4DB5-B68E-A9DF999280A5}
	EndGlobalSection
EndGlobal
