
Microsoft Visual Studio Solution File, Format Version 12.00
# Visual Studio Version 16
VisualStudioVersion = 16.0.28705.295
MinimumVisualStudioVersion = 10.0.40219.1
Project("{FAE04EC0-301F-11D3-BF4B-00C04F79EFBC}") = "WpfClientApp", "WpfClientApp\WpfClientApp.csproj", "{83699E2F-FCCD-4899-A4C5-C1DCD1873493}"
EndProject
Global
	GlobalSection(SolutionConfigurationPlatforms) = preSolution
		Debug|Any CPU = Debug|Any CPU
		Release|Any CPU = Release|Any CPU
	EndGlobalSection
	GlobalSection(ProjectConfigurationPlatforms) = postSolution
		{83699E2F-FCCD-4899-A4C5-C1DCD1873493}.Debug|Any CPU.ActiveCfg = Debug|Any CPU
		{83699E2F-FCCD-4899-A4C5-C1DCD1873493}.Debug|Any CPU.Build.0 = Debug|Any CPU
		{83699E2F-FCCD-4899-A4C5-C1DCD1873493}.Release|Any CPU.ActiveCfg = Release|Any CPU
		{83699E2F-FCCD-4899-A4C5-C1DCD1873493}.Release|Any CPU.Build.0 = Release|Any CPU
	EndGlobalSection
	GlobalSection(SolutionProperties) = preSolution
		HideSolutionNode = FALSE
	EndGlobalSection
	GlobalSection(ExtensibilityGlobals) = postSolution
		SolutionGuid = {C2DF861F-7005-48F2-927E-A19E13457726}
	EndGlobalSection
EndGlobal
