
Microsoft Visual Studio Solution File, Format Version 12.00
# Visual Studio 15
VisualStudioVersion = 15.0.28306.52
MinimumVisualStudioVersion = 10.0.40219.1
Project("{FAE04EC0-301F-11D3-BF4B-00C04F79EFBC}") = "WebApplication1", "WebApplication1\WebApplication1.csproj", "{048CFAE3-C7DC-42E6-A4FF-8DDF4ED685FC}"
EndProject
Global
	GlobalSection(SolutionConfigurationPlatforms) = preSolution
		Debug|Any CPU = Debug|Any CPU
		Release|Any CPU = Release|Any CPU
	EndGlobalSection
	GlobalSection(ProjectConfigurationPlatforms) = postSolution
		{048CFAE3-C7DC-42E6-A4FF-8DDF4ED685FC}.Debug|Any CPU.ActiveCfg = Debug|Any CPU
		{048CFAE3-C7DC-42E6-A4FF-8DDF4ED685FC}.Debug|Any CPU.Build.0 = Debug|Any CPU
		{048CFAE3-C7DC-42E6-A4FF-8DDF4ED685FC}.Release|Any CPU.ActiveCfg = Release|Any CPU
		{048CFAE3-C7DC-42E6-A4FF-8DDF4ED685FC}.Release|Any CPU.Build.0 = Release|Any CPU
	EndGlobalSection
	GlobalSection(SolutionProperties) = preSolution
		HideSolutionNode = FALSE
	EndGlobalSection
	GlobalSection(ExtensibilityGlobals) = postSolution
		SolutionGuid = {AB67C125-6FF7-4B1A-A72A-9A9583D3E379}
	EndGlobalSection
EndGlobal
