
Microsoft Visual Studio Solution File, Format Version 12.00
# Visual Studio Version 16
VisualStudioVersion = 16.0.28705.295
MinimumVisualStudioVersion = 10.0.40219.1
Project("{FAE04EC0-301F-11D3-BF4B-00C04F79EFBC}") = "Refactor", "Refactor\Refactor.csproj", "{ADD16B90-0516-4BA8-92E4-F76F80DC611D}"
EndProject
Global
	GlobalSection(SolutionConfigurationPlatforms) = preSolution
		Debug|Any CPU = Debug|Any CPU
		Release|Any CPU = Release|Any CPU
	EndGlobalSection
	GlobalSection(ProjectConfigurationPlatforms) = postSolution
		{ADD16B90-0516-4BA8-92E4-F76F80DC611D}.Debug|Any CPU.ActiveCfg = Debug|Any CPU
		{ADD16B90-0516-4BA8-92E4-F76F80DC611D}.Debug|Any CPU.Build.0 = Debug|Any CPU
		{ADD16B90-0516-4BA8-92E4-F76F80DC611D}.Release|Any CPU.ActiveCfg = Release|Any CPU
		{ADD16B90-0516-4BA8-92E4-F76F80DC611D}.Release|Any CPU.Build.0 = Release|Any CPU
	EndGlobalSection
	GlobalSection(SolutionProperties) = preSolution
		HideSolutionNode = FALSE
	EndGlobalSection
	GlobalSection(ExtensibilityGlobals) = postSolution
		SolutionGuid = {4FC798B5-7730-4AEC-BFBA-856AFF7591EA}
	EndGlobalSection
EndGlobal
